
Microsoft Visual Studio Solution File, Format Version 12.00
# Visual Studio Version 17
VisualStudioVersion = 17.14.36301.6 d17.14
MinimumVisualStudioVersion = 10.0.40219.1
Project("{FAE04EC0-301F-11D3-BF4B-00C04F79EFBC}") = "csharp", "csharp\csharp.csproj", "{B2A50D48-B297-4F77-B756-E79DDF7EC3B0}"
EndProject
Global
	GlobalSection(SolutionConfigurationPlatforms) = preSolution
		Debug|Any CPU = Debug|Any CPU
		Release|Any CPU = Release|Any CPU
	EndGlobalSection
	GlobalSection(ProjectConfigurationPlatforms) = postSolution
		{B2A50D48-B297-4F77-B756-E79DDF7EC3B0}.Debug|Any CPU.ActiveCfg = Debug|Any CPU
		{B2A50D48-B297-4F77-B756-E79DDF7EC3B0}.Debug|Any CPU.Build.0 = Debug|Any CPU
		{B2A50D48-B297-4F77-B756-E79DDF7EC3B0}.Release|Any CPU.ActiveCfg = Release|Any CPU
		{B2A50D48-B297-4F77-B756-E79DDF7EC3B0}.Release|Any CPU.Build.0 = Release|Any CPU
	EndGlobalSection
	GlobalSection(SolutionProperties) = preSolution
		HideSolutionNode = FALSE
	EndGlobalSection
	GlobalSection(ExtensibilityGlobals) = postSolution
		SolutionGuid = {1A41CEB4-FF7A-4822-973D-00C52D04A73C}
	EndGlobalSection
EndGlobal
